version = 1
revision = 3
requires-python = "==3.14.*"

[[package]]
name = "codex-repo-work"
version = "0.1.0"
source = { editable = "." }
dependencies = [
    { name = "msgspec" },
]

[package.dev-dependencies]
dev = [
    { name = "coverage" },
    { name = "hypothesis" },
    { name = "pyrefly" },
    { name = "pyyaml" },
    { name = "ruff" },
]

[package.metadata]
requires-dist = [{ name = "msgspec", specifier = ">=0.21.1" }]

[package.metadata.requires-dev]
dev = [
    { name = "coverage", specifier = ">=7.10.4" },
    { name = "hypothesis", specifier = ">=6.138.7" },
    { name = "pyrefly", specifier = ">=1.2.0" },
    { name = "pyyaml", specifier = ">=6.0.3" },
    { name = "ruff", specifier = ">=0.16.3" },
]

[[package]]
name = "coverage"
version = "7.15.4"
source = { registry = "https://pypi.org/simple" }
sdist = { url = "https://files.pythonhosted.org/packages/be/c3/4f2195f512fb172aa425a8803a874b2baa9ba7f80ff7b6080998761fc701/coverage-7.15.4.tar.gz", hash = "sha256:0548198fff07ccf4faf469520bce1c2eceb1ce3e62891921138dec10907f9d00", size = 936952, upload-time = "2026-08-06T13:50:24.442Z" }
wheels = [
    { url = "https://files.pythonhosted.org/packages/ea/ac/748cf29eeb2d6be34a3176ce26a4f49e38085ee08e8935f05f6f26ed7e0f/coverage-7.15.4-cp314-cp314-macosx_10_15_x86_64.whl", hash = "sha256:770e9325ab5ea6d56f77e59b29ecfe0ac20b57a82a601876f90494a4dda0386f", size = 222608, upload-time = "2026-08-06T13:48:26.806Z" },
    { url = "https://files.pythonhosted.org/packages/0b/02/1abbf5c984677b0aa439cdacaccbf38d248939d8ef8fe1cc7a50d73edb77/coverage-7.15.4-cp314-cp314-macosx_11_0_arm64.whl", hash = "sha256:d12b33a3a50a1676b7784dc8d00a0c6d66a9f2add4b85a041c19b6a7e53ef23c", size = 222940, upload-time = "2026-08-06T13:48:28.432Z" },
    { url = "https://files.pythonhosted.org/packages/eb/e1/ff8f9f53d9fcf586125b55d0b1f04ec1c14955fee41e83d5814bee141bb5/coverage-7.15.4-cp314-cp314-manylinux1_i686.manylinux_2_28_i686.manylinux_2_5_i686.whl", hash = "sha256:5669c8378ebde86f5def7a25d29586631b58acc27ffde04399f678f3dfc6e082", size = 253985, upload-time = "2026-08-06T13:48:29.995Z" },
    { url = "https://files.pythonhosted.org/packages/a1/26/595759762e514e81be1d7d01ed03444303bcd152226a6529998d253f9201/coverage-7.15.4-cp314-cp314-manylinux1_x86_64.manylinux_2_28_x86_64.manylinux_2_5_x86_64.whl", hash = "sha256:ff97a14362eef486483ed44042ca2027ea257df6ff768e62358ee0c9776925ac", size = 256492, upload-time = "2026-08-06T13:48:31.634Z" },
    { url = "https://files.pythonhosted.org/packages/24/68/b79aabac54d482be23b5fcdd4f4662bff24a78edc4ee29201726929936d5/coverage-7.15.4-cp314-cp314-manylinux2014_aarch64.manylinux_2_17_aarch64.manylinux_2_28_aarch64.whl", hash = "sha256:5a325e815318638aed1655d9c06e6d7c2d3d46c09231ce988070428a8762d734", size = 257837, upload-time = "2026-08-06T13:48:33.186Z" },
    { url = "https://files.pythonhosted.org/packages/09/0f/bf7f297885a5bf6fd71e5782404e0ff059ca09e8711ceb3a08544abde45a/coverage-7.15.4-cp314-cp314-manylinux2014_ppc64le.manylinux_2_17_ppc64le.manylinux_2_28_ppc64le.whl", hash = "sha256:474223409d88eb20d2d6a0d37ea60e8647a65a90cc008dc1f0410af5f64f1e0d", size = 260152, upload-time = "2026-08-06T13:48:34.75Z" },
    { url = "https://files.pythonhosted.org/packages/fd/f1/296744e854ff8368542343457414380465e9ceefb9192342feb9d3bc461d/coverage-7.15.4-cp314-cp314-manylinux_2_31_riscv64.manylinux_2_39_riscv64.whl", hash = "sha256:7f2f62ae3cd189dd2e13aece758c57b3eecbd27be070dbd4cbd10936049e5dbf", size = 253978, upload-time = "2026-08-06T13:48:36.434Z" },
    { url = "https://files.pythonhosted.org/packages/55/b0/bbdb2e9057493e66220a2e149ca2d301ba0e3a58a83bd6b90de9826d16f3/coverage-7.15.4-cp314-cp314-musllinux_1_2_aarch64.whl", hash = "sha256:39ece820e29e0a2ba34b3ecb3be83c27e997eed8926f2ba6fe7ce7a0bda5843b", size = 255846, upload-time = "2026-08-06T13:48:38.317Z" },
    { url = "https://files.pythonhosted.org/packages/96/e4/38015b2b6d21258713bd17e76b59d033b191efb5703589cffd037dfbca20/coverage-7.15.4-cp314-cp314-musllinux_1_2_i686.whl", hash = "sha256:f21b56dcace11dfe013014201f577dcd592b2a9b72182d930361b47cf6f73f25", size = 253808, upload-time = "2026-08-06T13:48:39.993Z" },
    { url = "https://files.pythonhosted.org/packages/0b/64/0d515c1e60ee6fbfd1a0e79c07cd87d388a233b7adc37758735677203808/coverage-7.15.4-cp314-cp314-musllinux_1_2_ppc64le.whl", hash = "sha256:93a3a0b662abcc10c73a47cbc72cd60f63618d6989fb2d1286e50eacd974f303", size = 258081, upload-time = "2026-08-06T13:48:41.971Z" },
    { url = "https://files.pythonhosted.org/packages/91/71/04d9e7a3642146c6351338aef4ef85ab11dbbb54744c13245caba1aad1c0/coverage-7.15.4-cp314-cp314-musllinux_1_2_riscv64.whl", hash = "sha256:141fae2cabf5569b782c10afc4c850ce10f618c13f8db54765cba99cc839da1f", size = 253624, upload-time = "2026-08-06T13:48:43.731Z" },
    { url = "https://files.pythonhosted.org/packages/b4/a7/6c28b74c81ebff66987b0e2522ba5cffa3e90b0c33cb6a2eb264d4ee8cf1/coverage-7.15.4-cp314-cp314-musllinux_1_2_x86_64.whl", hash = "sha256:81294c7e6ab30c5f74c0353b11b2fd6320e72d9bee6ac73b357caa8b916323a5", size = 255280, upload-time = "2026-08-06T13:48:45.58Z" },
    { url = "https://files.pythonhosted.org/packages/52/af/bc19996a7014b98d7bbb0f0939453c67074af65784a3aa16a789a07381fa/coverage-7.15.4-cp314-cp314-win32.whl", hash = "sha256:7bbd7d6418e0dab31a206af5203bd43ae36edb8e7fba1940b055d3e9249290d7", size = 224768, upload-time = "2026-08-06T13:48:47.525Z" },
    { url = "https://files.pythonhosted.org/packages/ee/90/219484e476d6e101ba0a444852579e05f5b75c37c611a42ed1190f73ef62/coverage-7.15.4-cp314-cp314-win_amd64.whl", hash = "sha256:f0204ed122758782970526057093f448051a39db9d810d4e344bb87a3546f425", size = 225259, upload-time = "2026-08-06T13:48:49.513Z" },
    { url = "https://files.pythonhosted.org/packages/b7/66/fa77daf4e383e5f776dac62c2409b6af81910ae6fe326bd5170dba74cc63/coverage-7.15.4-cp314-cp314-win_arm64.whl", hash = "sha256:9e71e7bc71c686a123347ae47a0de33a175e797a85bb57b791492adf4eec8ed8", size = 224684, upload-time = "2026-08-06T13:48:51.235Z" },
    { url = "https://files.pythonhosted.org/packages/58/5b/f03bf0ce362bbf3f785fa5219620d00778d4ac6fc9e407734828e9c672f6/coverage-7.15.4-cp314-cp314t-macosx_10_15_x86_64.whl", hash = "sha256:7c922735321eef3f87c280a3d39afff6b646723a2880b862cda4ac7a093b8aa8", size = 223338, upload-time = "2026-08-06T13:48:52.896Z" },
    { url = "https://files.pythonhosted.org/packages/0f/76/e77d0ae22501831cc9f92193e8a957a5caa1dd177f90a6d1d9b106242d92/coverage-7.15.4-cp314-cp314t-macosx_11_0_arm64.whl", hash = "sha256:f41c17c4668a655ce96d090d8d5ffdc24ef64b5a02f9753884d08483e8a4a41a", size = 223609, upload-time = "2026-08-06T13:48:54.688Z" },
    { url = "https://files.pythonhosted.org/packages/82/1a/b1f089da8d38ac612fa2dd6dc7f4a1a7657d12f3e261d2996edd3a838d0b/coverage-7.15.4-cp314-cp314t-manylinux1_i686.manylinux_2_28_i686.manylinux_2_5_i686.whl", hash = "sha256:46822e9b6ff1c6a72b518c162c44a8f45a61a1d609c51084bf5b16c023c5037b", size = 264970, upload-time = "2026-08-06T13:48:56.403Z" },
    { url = "https://files.pythonhosted.org/packages/bf/31/e66d98d6e9c7fcc88470f1e234eaf6b1950dc0dfbf797f7282c1c861da24/coverage-7.15.4-cp314-cp314t-manylinux1_x86_64.manylinux_2_28_x86_64.manylinux_2_5_x86_64.whl", hash = "sha256:3d6f4955b73b5445271379a59e3792b0d978f42d4a01e0cf7a67d9c33a3bb0a5", size = 267088, upload-time = "2026-08-06T13:48:58.41Z" },
    { url = "https://files.pythonhosted.org/packages/59/a1/ae94eb2c541add426378408379f233591e069040b1e2cdb33df9498a0682/coverage-7.15.4-cp314-cp314t-manylinux2014_aarch64.manylinux_2_17_aarch64.manylinux_2_28_aarch64.whl", hash = "sha256:3fc9e047706fb4a9abb54f719d3aa643e80e5bb3818182c40aee01ac0f0247ba", size = 269508, upload-time = "2026-08-06T13:49:00.42Z" },
    { url = "https://files.pythonhosted.org/packages/9c/c7/88a10694a1c6a213569766aba9f25847b28155d4ac731b13226db216356d/coverage-7.15.4-cp314-cp314t-manylinux2014_ppc64le.manylinux_2_17_ppc64le.manylinux_2_28_ppc64le.whl", hash = "sha256:05e491d4f3165d62d4f5c8fd48dfeabf2ae8f42cbbd484319af33ea851b78982", size = 270629, upload-time = "2026-08-06T13:49:02.234Z" },
    { url = "https://files.pythonhosted.org/packages/b3/34/d8b8232e5e55169933b59aabcef2fedfa4b9d8897361bb80fcbda146505f/coverage-7.15.4-cp314-cp314t-manylinux_2_31_riscv64.manylinux_2_39_riscv64.whl", hash = "sha256:226c66e80ec0598d3b9b4874123df167ccca342aca8714f77cac6829688ee09c", size = 264043, upload-time = "2026-08-06T13:49:04.102Z" },
    { url = "https://files.pythonhosted.org/packages/7e/35/58b009dbf8c471c7224716478b9fed4a7e1af15320e1ed41660978504663/coverage-7.15.4-cp314-cp314t-musllinux_1_2_aarch64.whl", hash = "sha256:ac41cc14bebda0dbfb0628036b7f75706935c95bcc07fefe9a0f93614aa60a57", size = 266963, upload-time = "2026-08-06T13:49:05.821Z" },
    { url = "https://files.pythonhosted.org/packages/62/aa/57fbda1b42c892968273c56b6ee9dc0f1310850859230a507bc7873b1f65/coverage-7.15.4-cp314-cp314t-musllinux_1_2_i686.whl", hash = "sha256:8af623e5cd92080acddd02b38f2f406a2c3a0893c38950b211890361448fbf26", size = 264569, upload-time = "2026-08-06T13:49:07.706Z" },
    { url = "https://files.pythonhosted.org/packages/98/8a/360e6e7f24d477b7e889703af0afa878d15b6d4d8d2a822b2835c169a879/coverage-7.15.4-cp314-cp314t-musllinux_1_2_ppc64le.whl", hash = "sha256:07545711d4f0f32852a18f18ad11f76f0109909d09e78b9008b4cfc67e829429", size = 268299, upload-time = "2026-08-06T13:49:09.587Z" },
    { url = "https://files.pythonhosted.org/packages/4e/89/6f701261aee21b6b5fa8f7872229406dc917e125069448292223bf213606/coverage-7.15.4-cp314-cp314t-musllinux_1_2_riscv64.whl", hash = "sha256:a0865421cfdc53654b342d515e5a233187590882d20b95752150e53f65460017", size = 263413, upload-time = "2026-08-06T13:49:11.604Z" },
    { url = "https://files.pythonhosted.org/packages/3f/0f/6f04036edc260ed425af83e834f627fad48941ce97b50bfe6edd8b6fa623/coverage-7.15.4-cp314-cp314t-musllinux_1_2_x86_64.whl", hash = "sha256:460115e32ee40566476db5048f9bec1e842c127ad8e6f8be745aad3ac9cbc839", size = 265725, upload-time = "2026-08-06T13:49:13.38Z" },
    { url = "https://files.pythonhosted.org/packages/c4/ce/d19b5d4d5c49a7bfb925fd74310fee7d28bc99520ac3367ccbc54e662518/coverage-7.15.4-cp314-cp314t-win32.whl", hash = "sha256:cbde877ef9dd7baf272b9bfef2b8a25edd45d9170fc326951dd20eb480335e85", size = 225079, upload-time = "2026-08-06T13:49:15.265Z" },
    { url = "https://files.pythonhosted.org/packages/26/bb/7aa1b3b173faee0679037ca950bbbe1247273656697994d8d13f80f8d4b4/coverage-7.15.4-cp314-cp314t-win_amd64.whl", hash = "sha256:3da9e92d1c551fd7563833e9ade686efb0c4b7363ab7681a94283958c950bf5e", size = 225911, upload-time = "2026-08-06T13:49:17.279Z" },
    { url = "https://files.pythonhosted.org/packages/81/1c/4ea9e47426d80038d9222db3c4534cb6021a74b237d3ff97ffd33b6600dd/coverage-7.15.4-cp314-cp314t-win_arm64.whl", hash = "sha256:3a54f5a0d85050c73a38f6793090ee83974531e67fe5e57a1da9bee11398aa5e", size = 225219, upload-time = "2026-08-06T13:49:19.293Z" },
    { url = "https://files.pythonhosted.org/packages/b4/d9/e70c286c979378f061d8266e279b686ab0b0b688e1fe0af864684f23a77d/coverage-7.15.4-py3-none-any.whl", hash = "sha256:964730a1e9de9c0cf11be6a1a3c79ce419c34882842abd256086ba4698705e84", size = 214332, upload-time = "2026-08-06T13:50:22.192Z" },
]

[[package]]
name = "hypothesis"
version = "6.165.9"
source = { registry = "https://pypi.org/simple" }
dependencies = [
    { name = "sortedcontainers" },
]
sdist = { url = "https://files.pythonhosted.org/packages/68/a8/f7afb4b55a7f00307f246fb7c3cf2abdc8f8e0ad7eb81bf23f8025480da6/hypothesis-6.165.9.tar.gz", hash = "sha256:a5d1fa312020b499c517e1217ef4440c56a9b52e20b47b420b48a583a81c412b", size = 503594, upload-time = "2026-08-15T02:50:07.518Z" }
wheels = [
    { url = "https://files.pythonhosted.org/packages/fe/c7/da4298709de649a01c73ce93c4ee5b5651433217e17c494dc91baded86b0/hypothesis-6.165.9-cp310-abi3-macosx_10_12_x86_64.whl", hash = "sha256:01a2a4106fa90396ffa1c402968a8bd25af056e1fdf7974a369c4057cc4035f1", size = 783107, upload-time = "2026-08-15T02:49:32.01Z" },
    { url = "https://files.pythonhosted.org/packages/58/97/d9f265174464d05a4d818d98dcd4e870ad2c2b60e9844033c23b3eb21eda/hypothesis-6.165.9-cp310-abi3-macosx_11_0_arm64.whl", hash = "sha256:7812f1ce9e2bfc0958f2a96975f16a1e1f2400f9d8b7043723ff5811647fe0f6", size = 778677, upload-time = "2026-08-15T02:48:16.984Z" },
    { url = "https://files.pythonhosted.org/packages/ae/fe/d3364f99dd76f1275b430b2fc2818119df84e71f0657ad7f89b922e90d55/hypothesis-6.165.9-cp310-abi3-manylinux_2_17_aarch64.manylinux2014_aarch64.whl", hash = "sha256:e547823eca16eab9c9569f292e5ce8f95d8a59f1d67e504e97a841d17eb0b562", size = 1107895, upload-time = "2026-08-15T02:47:42.954Z" },
    { url = "https://files.pythonhosted.org/packages/71/5d/42b524303219351add359a05463df067be126c9ca576b0547218cf8aa54b/hypothesis-6.165.9-cp310-abi3-manylinux_2_17_armv7l.manylinux2014_armv7l.whl", hash = "sha256:e50c687c0e86bb5898f36b845ab84439f44ef2369f0f9bbcbf6aa6860640324d", size = 1136455, upload-time = "2026-08-15T02:49:56.069Z" },
    { url = "https://files.pythonhosted.org/packages/af/d5/91948f68b5007a40b2cc356d9365de0f5cb08c200e383b38259ad75130ae/hypothesis-6.165.9-cp310-abi3-manylinux_2_17_ppc64le.manylinux2014_ppc64le.whl", hash = "sha256:f82aed6f0631b5073bd87789aa56609e7c83bd762384fd24c84f3435816b2569", size = 1135112, upload-time = "2026-08-15T02:48:51.211Z" },
    { url = "https://files.pythonhosted.org/packages/55/3c/6e04ac80c5a63da9ecff00199851433437f617da9cd1b5208f11af3337b8/hypothesis-6.165.9-cp310-abi3-manylinux_2_17_x86_64.manylinux2014_x86_64.whl", hash = "sha256:488b88b6856e430763a7ac5a5fc6e20a798766dca8df8f94576de2281ee60afd", size = 1157397, upload-time = "2026-08-15T02:49:27.874Z" },
    { url = "https://files.pythonhosted.org/packages/12/40/4a1aeddc254d8d6a8f43bbeea928ef5b576e041eb0c9459a91fce884f4cd/hypothesis-6.165.9-cp310-abi3-manylinux_2_31_riscv64.whl", hash = "sha256:22dd9e264f2a79a1b63a5fae13351e3cf0088f584fb05bb0e23f21b8fba9df7c", size = 1112748, upload-time = "2026-08-15T02:48:35.764Z" },
    { url = "https://files.pythonhosted.org/packages/35/bc/dde8231f1d10ab0c60627c40757b9b832605028ef0780420fcfc3ccba664/hypothesis-6.165.9-cp310-abi3-manylinux_2_5_i686.manylinux1_i686.whl", hash = "sha256:431ab894062666c93157234f9949a4db3549fbf3c220777abae3482e1b43f9bc", size = 1149484, upload-time = "2026-08-15T02:48:53.088Z" },
    { url = "https://files.pythonhosted.org/packages/1b/b2/cb29a983c7f06770a6b348f76cb33f90a70b0594a1e61c4a803aedfb1d1f/hypothesis-6.165.9-cp310-abi3-musllinux_1_2_aarch64.whl", hash = "sha256:c7edcc3dcec42b413c900f8e660f3741c21f0055c53bde21d728f72a21713247", size = 1283267, upload-time = "2026-08-15T02:47:55.688Z" },
    { url = "https://files.pythonhosted.org/packages/88/c0/6bfcf3fb379aba87f3d09073b589c7b7e932ad047ed7bc0124300a51f431/hypothesis-6.165.9-cp310-abi3-musllinux_1_2_armv7l.whl", hash = "sha256:0d4a613404ba216b6f698ce9df6f9c22d04d8e8a571c42525e83905cf1b1cd10", size = 1409841, upload-time = "2026-08-15T02:48:23.939Z" },
    { url = "https://files.pythonhosted.org/packages/98/c0/0c73a985144717272d2afec377a45c149688a477af946ae24c16b59c9788/hypothesis-6.165.9-cp310-abi3-musllinux_1_2_ppc64le.whl", hash = "sha256:658c33d8a54cead6081f73fcc4e2c0fbe43d251d3f4170630748d8e5dcbd542f", size = 1264878, upload-time = "2026-08-15T02:50:05.056Z" },
    { url = "https://files.pythonhosted.org/packages/56/91/50d4a6df07a305f5f17578443c93b618a49e8db68c01de8870e539139eb9/hypothesis-6.165.9-cp310-abi3-musllinux_1_2_riscv64.whl", hash = "sha256:7d3297fe95a253cea81b48e581e456105016ebe782d823dfb57ec09c3854301f", size = 1282519, upload-time = "2026-08-15T02:48:22.42Z" },
    { url = "https://files.pythonhosted.org/packages/c9/5f/5a54f4ca30a669a247df7c467aea7bb854d9b4de7e1dc51edb2f91ec603f/hypothesis-6.165.9-cp310-abi3-musllinux_1_2_x86_64.whl", hash = "sha256:a9a1e17200a2b369a38c19c2184efbc041a40b784675ba72ac6800d8c1260a54", size = 1324669, upload-time = "2026-08-15T02:48:29.144Z" },
    { url = "https://files.pythonhosted.org/packages/3a/b2/6ef8eac3b30d6c8225fc405be3b99790701a942706ec93a3bd638a0b614a/hypothesis-6.165.9-cp310-abi3-win32.whl", hash = "sha256:5d40a92c6d025725da7827431a71b7657ce2e3923ff8f1773d6b15d717f77ea0", size = 668903, upload-time = "2026-08-15T02:48:34.033Z" },
    { url = "https://files.pythonhosted.org/packages/f0/7f/b9514f65d2cc97277f6442e3b05164177a742489940efa53e794a54b62f6/hypothesis-6.165.9-cp310-abi3-win_amd64.whl", hash = "sha256:59f29ef2965caf1ae367ee0598ac0d293551b95744a5d49888737a3b3d9dd944", size = 675051, upload-time = "2026-08-15T02:47:49.697Z" },
    { url = "https://files.pythonhosted.org/packages/96/01/110123106a3702d2f3ffc47b9bc6a1a29c19cd2d15fcf356430777a4883a/hypothesis-6.165.9-cp310-abi3-win_arm64.whl", hash = "sha256:f52fd4f1b95f614c3fec53840d603f0a3b19e68eaa91c8d609222999c3ee5506", size = 673402, upload-time = "2026-08-15T02:47:48.364Z" },
    { url = "https://files.pythonhosted.org/packages/e4/d0/95075d5ae3263e1c9143a3e89d9f19b864b1da303fb426964d9f7c08ce69/hypothesis-6.165.9-cp314-cp314-macosx_10_12_x86_64.whl", hash = "sha256:c3432a48e5895cba6b36c3e5abb915163d5169dc755685b4cd4720b710d77e3c", size = 784690, upload-time = "2026-08-15T02:49:23.922Z" },
    { url = "https://files.pythonhosted.org/packages/ed/d9/4a8b58237a36a839abefac22905ce9172b4c5195344708690413c6ef900d/hypothesis-6.165.9-cp314-cp314-macosx_11_0_arm64.whl", hash = "sha256:70fe20939f63eb661227fd2b05193eba1e5ea6e547a2fbe158839f2acc519f4f", size = 776366, upload-time = "2026-08-15T02:48:27.261Z" },
    { url = "https://files.pythonhosted.org/packages/74/8d/91d1261f09a87299dc0ba89e12d8f9bbfd454e8922560e332b190a5c0a9f/hypothesis-6.165.9-cp314-cp314-manylinux_2_17_aarch64.manylinux2014_aarch64.whl", hash = "sha256:20b177ef8aae2a2817a2223d103353d120118e686a152bcd01832a27ddc9388e", size = 1107128, upload-time = "2026-08-15T02:49:10.617Z" },
    { url = "https://files.pythonhosted.org/packages/2b/01/0198547c8b73d73ee5b885d8f73931c4dd3c62055dc93a80b5e18590efeb/hypothesis-6.165.9-cp314-cp314-manylinux_2_17_x86_64.manylinux2014_x86_64.whl", hash = "sha256:5d755b56098801a28a419172e57beb536b8c32929e7a37bb5ef12f2c00abd284", size = 1156757, upload-time = "2026-08-15T02:48:25.44Z" },
    { url = "https://files.pythonhosted.org/packages/21/3c/a3bde8c9630d361d85570ed5a6248fec0360a3874e26fdb04d62c8ebabf9/hypothesis-6.165.9-cp314-cp314-musllinux_1_2_aarch64.whl", hash = "sha256:d49496271282bf424ddd728108f49b92e1d32066a3d0ba18990d5b01c40c3175", size = 1281013, upload-time = "2026-08-15T02:48:44.399Z" },
    { url = "https://files.pythonhosted.org/packages/f7/2d/017895202e6f2d75928b8e66bb8efe28c5c834771f6a3d118fc936d811d0/hypothesis-6.165.9-cp314-cp314-musllinux_1_2_x86_64.whl", hash = "sha256:be54673f76785ff954b511745d4a7a18c7d7fe1d893cb81a8917cd28878fbd55", size = 1324110, upload-time = "2026-08-15T02:49:18.05Z" },
    { url = "https://files.pythonhosted.org/packages/40/f8/02f9be17e21b55513da624bac18a21c29011351d4e5d089ca5095555d1b4/hypothesis-6.165.9-cp314-cp314-pyemscripten_2026_0_wasm32.whl", hash = "sha256:af42ad4c24b69d4482e4813e148f458fc090911c0cf9055225c62fbd1f0b102e", size = 616257, upload-time = "2026-08-15T02:49:00.997Z" },
    { url = "https://files.pythonhosted.org/packages/e9/be/c94631e799bb4ee87c8c80de72f2eb44e93e7d0bff45b22b8801c78e5895/hypothesis-6.165.9-cp314-cp314-win_amd64.whl", hash = "sha256:9bc2d40dd2a71ba3971b902d31c8b1b0c40d3d465591fd71bb8ce6f541add530", size = 672006, upload-time = "2026-08-15T02:48:32.418Z" },
    { url = "https://files.pythonhosted.org/packages/43/15/d23548a12e5670513903b73a42fbd4f5ab7b1287bc6fd5a4a890c5746a62/hypothesis-6.165.9-cp314-cp314t-macosx_10_12_x86_64.whl", hash = "sha256:d0fb16358e29f3090a9ab529e84df52923ddcd8505785c019bf48cdcd45e094a", size = 783152, upload-time = "2026-08-15T02:50:02.576Z" },
    { url = "https://files.pythonhosted.org/packages/0d/cd/37b5e5c042c557aa50db8c7f554b655b51c83e0b50306fb6ec8b05b03bfe/hypothesis-6.165.9-cp314-cp314t-macosx_11_0_arm64.whl", hash = "sha256:ed61ad45184997f97c3baf255f34aaaf4edff63f1a61aad87919034b4ab9f64e", size = 774782, upload-time = "2026-08-15T02:49:47.988Z" },
    { url = "https://files.pythonhosted.org/packages/56/ed/43b6db3681937ffa191148533d37cdd3c091f707ecb92281424078876d45/hypothesis-6.165.9-cp314-cp314t-manylinux_2_17_aarch64.manylinux2014_aarch64.whl", hash = "sha256:f96f36c3d3677f22ff990d7aab4235576a8429e72dab5382c45bf489630972f5", size = 1105367, upload-time = "2026-08-15T02:49:42.041Z" },
    { url = "https://files.pythonhosted.org/packages/0d/dd/eaab3c678a23ab434c65b4ea5de5b302267ce68aa47b996524d2f34dcd13/hypothesis-6.165.9-cp314-cp314t-manylinux_2_17_x86_64.manylinux2014_x86_64.whl", hash = "sha256:d69ab6500e47d7c21310360d1ee5cb6441660a10408e856d3738f07536732ed8", size = 1155499, upload-time = "2026-08-15T02:48:49.363Z" },
    { url = "https://files.pythonhosted.org/packages/10/fa/27049cbfb3e66cc1b68b32cbe137ac69a91cf09ac8520c4eb8ae9b3e5cbe/hypothesis-6.165.9-cp314-cp314t-musllinux_1_2_aarch64.whl", hash = "sha256:cc98fa897f48127fdf2e7d1b2428f839656cd52a6344095e501371d222b9c19d", size = 1279038, upload-time = "2026-08-15T02:49:26.001Z" },
    { url = "https://files.pythonhosted.org/packages/7f/d4/ab591a445dfeb7fa59b3c12de3eb9ff09901b4ede4025061b2fe1bc302af/hypothesis-6.165.9-cp314-cp314t-musllinux_1_2_x86_64.whl", hash = "sha256:a8b2d7415b1f7ceec6e689c992b919af41e339eafb35d6367a3abbb5b6db9753", size = 1322697, upload-time = "2026-08-15T02:48:39.467Z" },
    { url = "https://files.pythonhosted.org/packages/40/fd/4ee3b14d2d73a1d9442ac161b953dea2522fdac8ef7ca265fe5dd205982d/hypothesis-6.165.9-cp314-cp314t-win_amd64.whl", hash = "sha256:1000afaf05be59c88c13b458fd74d123e3361ca3d14fe127814a1231cb9cb7df", size = 672011, upload-time = "2026-08-15T02:48:07.583Z" },
    { url = "https://files.pythonhosted.org/packages/81/a1/20b63e3d17e05e82ef47b93ea3fa9a823297249ed7953e7e38f1b57a1e91/hypothesis-6.165.9-cp315-abi3.abi3t-macosx_10_12_x86_64.whl", hash = "sha256:5f6b4ae650480368e2477e8f875cdbfe8533a7b2e09f049fe206c48b20174622", size = 782729, upload-time = "2026-08-15T02:49:52.008Z" },
    { url = "https://files.pythonhosted.org/packages/7f/13/b43cea9578820a3e41cd70e8395068a0f07ef11c393ab09ff5aeb5d44d7f/hypothesis-6.165.9-cp315-abi3.abi3t-macosx_11_0_arm64.whl", hash = "sha256:1aaba05b943345d2a448b8c1c795bb191adf842b450bfc7207bdd1bf139a9b58", size = 774415, upload-time = "2026-08-15T02:47:57.162Z" },
    { url = "https://files.pythonhosted.org/packages/ea/08/222a8f2aeb8429b54cd53624add076ae5c9b39b0b170afd2435d0e81a8a9/hypothesis-6.165.9-cp315-abi3.abi3t-manylinux_2_17_aarch64.manylinux2014_aarch64.whl", hash = "sha256:306c1efc0f01f3d5c29c45996e055437971337aa24b6c6735b0514cfb5df60ce", size = 1104761, upload-time = "2026-08-15T02:47:46.841Z" },
    { url = "https://files.pythonhosted.org/packages/68/6b/09943bad5c1c5ea689a1be6376bcb7c68c34f3e3db5b792a1c0bb4edd79c/hypothesis-6.165.9-cp315-abi3.abi3t-manylinux_2_17_armv7l.manylinux2014_armv7l.whl", hash = "sha256:1551df11534d192616dc1b4539b6e526c4704d08b22d2ffb6ea3479ce6b87d94", size = 1133212, upload-time = "2026-08-15T02:47:52.814Z" },
    { url = "https://files.pythonhosted.org/packages/c2/ee/8fa90ca7a7d8b2362f3aaa0b2117405abf7b104fa01b52d5fecc4bb3c3fc/hypothesis-6.165.9-cp315-abi3.abi3t-manylinux_2_17_ppc64le.manylinux2014_ppc64le.whl", hash = "sha256:afd99a069df90c73c15d53e275d11a782fd5f17f5423002868ce9d2438ab567f", size = 1132156, upload-time = "2026-08-15T02:47:58.588Z" },
    { url = "https://files.pythonhosted.org/packages/5f/c3/6dae83eccd7260f5cf3468f145c663ce9b22579a9d9c80e9e7be49bec8b2/hypothesis-6.165.9-cp315-abi3.abi3t-manylinux_2_17_x86_64.manylinux2014_x86_64.whl", hash = "sha256:d8c3e8c45ca5e2e4f519021836e5d86fb2229915c3f92fb50db7bb7364dfb2c1", size = 1155040, upload-time = "2026-08-15T02:49:16.085Z" },
    { url = "https://files.pythonhosted.org/packages/50/90/25eaabe2fecb3af3bcb9b4c3261ba9ffe0e092a3199232adce15399c040b/hypothesis-6.165.9-cp315-abi3.abi3t-manylinux_2_31_riscv64.whl", hash = "sha256:676a3bd04261b7bdd35374a3f4dabd82025fcead110a067a76328799f394a4d0", size = 1109751, upload-time = "2026-08-15T02:50:00.293Z" },
    { url = "https://files.pythonhosted.org/packages/1f/81/e8117e7ed3ff1ef7a36f023469efc925458b52c1243c539566a5308f5d77/hypothesis-6.165.9-cp315-abi3.abi3t-manylinux_2_5_i686.manylinux1_i686.whl", hash = "sha256:a7f51c2297d116c2c025643762269eed0767589b6fc858d8de69d9f80cf33a23", size = 1144793, upload-time = "2026-08-15T02:49:38.317Z" },
    { url = "https://files.pythonhosted.org/packages/c6/6a/da2ea69d1fed780d86895f1ef7f2811240ed810487536ad22298629cc630/hypothesis-6.165.9-cp315-abi3.abi3t-musllinux_1_2_aarch64.whl", hash = "sha256:e500b97f899e375e47b407a48f3450cb1dd44bca757529c0490cb4533d878b30", size = 1278531, upload-time = "2026-08-15T02:48:37.581Z" },
    { url = "https://files.pythonhosted.org/packages/a2/6e/b3b21f15fe9debb9c448b03aaeb725ee007ba68518e55a6810878d7b9765/hypothesis-6.165.9-cp315-abi3.abi3t-musllinux_1_2_armv7l.whl", hash = "sha256:8401f55aba2d51f20b02c42e9e08b7eff2018639bdb1af16a4c279ba7e129c81", size = 1407073, upload-time = "2026-08-15T02:48:41.256Z" },
    { url = "https://files.pythonhosted.org/packages/da/fe/55f8e9c34f2b0a5ccf895a527a499f8562e9a14f014dd018b2535e8aa1c4/hypothesis-6.165.9-cp315-abi3.abi3t-musllinux_1_2_ppc64le.whl", hash = "sha256:34a4591db1dcf6aa544b4f884520ff0f1bc02ac3d11c76f78c73535b6b672272", size = 1261243, upload-time = "2026-08-15T02:49:58.076Z" },
    { url = "https://files.pythonhosted.org/packages/0b/37/49fb2374bff4e66d3d8264d083ddbb83269ec13903b441ebbc0d3c51502a/hypothesis-6.165.9-cp315-abi3.abi3t-musllinux_1_2_riscv64.whl", hash = "sha256:0bd589a011b3d0c4b98d78f467e5a5a6b96bf5be5d15b39ef47e65c225e8d790", size = 1279060, upload-time = "2026-08-15T02:48:54.843Z" },
    { url = "https://files.pythonhosted.org/packages/ec/b7/c826e67f5d553d20644ac3da5d25de7ff9d50a1f41467981b00da7b2ab9b/hypothesis-6.165.9-cp315-abi3.abi3t-musllinux_1_2_x86_64.whl", hash = "sha256:84a93a152ffaf92fa6b3f94d366f4c866e26f3f1b643fcc6da4ee2ddfa038aa9", size = 1322247, upload-time = "2026-08-15T02:47:54.398Z" },
    { url = "https://files.pythonhosted.org/packages/24/ec/e70e440805820cfd662d04d05aa34b5d29e46d5a49ee871d6937721b2c17/hypothesis-6.165.9-cp315-abi3.abi3t-win32.whl", hash = "sha256:4a2081699e0b16b35c7b34cf0ff01997e8fc6038b520b9f29c106764158c411a", size = 665906, upload-time = "2026-08-15T02:49:53.901Z" },
    { url = "https://files.pythonhosted.org/packages/23/79/968b149b572e1d4284b04280cc181449090c8bd03e55b24d57b64443978e/hypothesis-6.165.9-cp315-abi3.abi3t-win_amd64.whl", hash = "sha256:e1d9492193b52087df4d264edd77618869d447b5c7f6a022c7bb11b88d577cb8", size = 671817, upload-time = "2026-08-15T02:49:46.053Z" },
    { url = "https://files.pythonhosted.org/packages/c2/72/0f951d4f0e07720583e4773638cd556d2b6585605f8a3df54d2fecf2e2ff/hypothesis-6.165.9-cp315-abi3.abi3t-win_arm64.whl", hash = "sha256:f67414675f2263948e5a5977b636b5cb1cc5f33b82a9be34f8a6b9a8293d4707", size = 669795, upload-time = "2026-08-15T02:48:03.176Z" },
]

[[package]]
name = "msgspec"
version = "0.21.1"
source = { registry = "https://pypi.org/simple" }
sdist = { url = "https://files.pythonhosted.org/packages/e3/60/f79b9b013a16fa3a58350c9295ddc6789f2e335f36ea61ed10a21b215364/msgspec-0.21.1.tar.gz", hash = "sha256:2313508e394b0d208f8f56892ca9b2799e2561329de9763b19619595a6c0f72c", size = 319193, upload-time = "2026-04-12T21:44:50.394Z" }
wheels = [
    { url = "https://files.pythonhosted.org/packages/5a/ad/86954e987d1d6a5c579e2c2e7832b65e0fff194179fdac4f581536086024/msgspec-0.21.1-cp314-cp314-macosx_10_15_x86_64.whl", hash = "sha256:fab48eb45fdbfbdb2c0edfec00ffc53b6b6085beefc6b50b61e01659f9f8757f", size = 196261, upload-time = "2026-04-12T21:44:27.807Z" },
    { url = "https://files.pythonhosted.org/packages/d1/a1/c5e46c3e42b866199365e35d11dddfd1fbd8bba4fdb3c52f965b1607ce94/msgspec-0.21.1-cp314-cp314-macosx_11_0_arm64.whl", hash = "sha256:3cb779ea0c35bc807ff941d415875c1f69ca0be91a2e907ab99a171811d86a9a", size = 188729, upload-time = "2026-04-12T21:44:28.99Z" },
    { url = "https://files.pythonhosted.org/packages/85/7d/1e29a319d678d6cb962ae5bdf32a6858ebdf38f73bc654c0e9c742a0c2c8/msgspec-0.21.1-cp314-cp314-manylinux2014_aarch64.manylinux_2_17_aarch64.manylinux_2_28_aarch64.whl", hash = "sha256:68604db36b3b4dd9bf160e436e12798a4738848144cea1aca1cb984011eb160f", size = 219866, upload-time = "2026-04-12T21:44:31.104Z" },
    { url = "https://files.pythonhosted.org/packages/25/1f/cca084ca2572810fff12ea9dbdcbe39eac048f40daf4a9077b49fcbe8cee/msgspec-0.21.1-cp314-cp314-manylinux2014_x86_64.manylinux_2_17_x86_64.manylinux_2_28_x86_64.whl", hash = "sha256:3d6b9dc50948eaf65df54d2fd0ff66e6d8c32f116037209ee861810eb9b676cb", size = 224993, upload-time = "2026-04-12T21:44:32.649Z" },
    { url = "https://files.pythonhosted.org/packages/71/94/d2120fc9d419a89a3a7c13e5b7078798c4b392a96a02a6e2b3ce43a8766c/msgspec-0.21.1-cp314-cp314-musllinux_1_2_aarch64.whl", hash = "sha256:52c5e21930942302394429c5a582ce7e6b62c7f983b3760834c2ce107e0dd6df", size = 223535, upload-time = "2026-04-12T21:44:33.839Z" },
    { url = "https://files.pythonhosted.org/packages/75/17/42418b66a3ad972a89bab73dd78b79cc6282bb488a25e73c853cee7443b9/msgspec-0.21.1-cp314-cp314-musllinux_1_2_x86_64.whl", hash = "sha256:abbb39d65681fa24ed394e01af3d59d869068324f900c61d06062b7fb9980f2f", size = 227222, upload-time = "2026-04-12T21:44:35.093Z" },
    { url = "https://files.pythonhosted.org/packages/c4/33/265c894268cca88ff67b144ca2b4c522fc8b9a6f1966a3640c70516e78e1/msgspec-0.21.1-cp314-cp314-win_amd64.whl", hash = "sha256:5666b1b560b97b6ec2eb3fca8a502298ebac56e13bbca1f88523538ce83d01ea", size = 193810, upload-time = "2026-04-12T21:44:36.612Z" },
    { url = "https://files.pythonhosted.org/packages/3b/8f/a6d35f25bf1fc63c492fdd88fdce01ba0875ead48c2b91f90f33653b4131/msgspec-0.21.1-cp314-cp314-win_arm64.whl", hash = "sha256:d8b8578e4c83b14ceea4cef0d0b747e31d9330fe4b03b2b2ad4063866a178f93", size = 179125, upload-time = "2026-04-12T21:44:38.198Z" },
    { url = "https://files.pythonhosted.org/packages/c6/39/74839641e64b99d87da55af0fc472854d42b46e2183b9e2a67fe1bb2a512/msgspec-0.21.1-cp314-cp314t-macosx_10_15_x86_64.whl", hash = "sha256:15f523d51c00ebad412213bfe9f06f0a50ec2b93e0c19e824a2d267cabb48ea2", size = 200171, upload-time = "2026-04-12T21:44:39.414Z" },
    { url = "https://files.pythonhosted.org/packages/70/9b/ce0cca6d2d87fcd4b6ff97600790494e64f26a2c55d61507cd2755c16193/msgspec-0.21.1-cp314-cp314t-macosx_11_0_arm64.whl", hash = "sha256:4e47390360583ba3d5c6cb44cf0a9f61b0a06a899d3c2c00627cedebb2e2884b", size = 192879, upload-time = "2026-04-12T21:44:40.882Z" },
    { url = "https://files.pythonhosted.org/packages/a7/08/673a7bb05e5702dc787ddd3011195b509f9867927970da59052211929987/msgspec-0.21.1-cp314-cp314t-manylinux2014_aarch64.manylinux_2_17_aarch64.manylinux_2_28_aarch64.whl", hash = "sha256:f60800e6299b798142dc40b0644da77ceac5ea0568be58228417eae14135c847", size = 226281, upload-time = "2026-04-12T21:44:42.181Z" },
    { url = "https://files.pythonhosted.org/packages/7d/45/86508cf57283e9070b3c447e3ab25b792a7a0855a3ea4e0c6d111ac34c97/msgspec-0.21.1-cp314-cp314t-manylinux2014_x86_64.manylinux_2_17_x86_64.manylinux_2_28_x86_64.whl", hash = "sha256:5f8e9dfcd98419cf7568808470c4317a3fb30bef0e3715b568730a2b272a20d7", size = 229863, upload-time = "2026-04-12T21:44:43.442Z" },
    { url = "https://files.pythonhosted.org/packages/2c/62/e7c9367cd08d590559faacd711edbae36840342843e669440363f33c7d36/msgspec-0.21.1-cp314-cp314t-musllinux_1_2_aarch64.whl", hash = "sha256:92d89dfad13bd1ea640dc3e37e724ed380da1030b272bdf5ecafb983c3ad7c75", size = 230445, upload-time = "2026-04-12T21:44:44.806Z" },
    { url = "https://files.pythonhosted.org/packages/42/b4/c0f54632103846b658a10930025f4de41c8724b5e4805a5f3b395586cb7e/msgspec-0.21.1-cp314-cp314t-musllinux_1_2_x86_64.whl", hash = "sha256:0d03867786e5d7ba25d666df4b11320c27170f4aeafcb8e3a8b0a50a4fb742ca", size = 231822, upload-time = "2026-04-12T21:44:46.343Z" },
    { url = "https://files.pythonhosted.org/packages/ea/1d/0d85cc79d0ccf5508e9c846cc66552a6a16bf92abd1dbd8362617f7b35cd/msgspec-0.21.1-cp314-cp314t-win_amd64.whl", hash = "sha256:740fbf1c9d59992ca3537d6fbe9ebbf9eaf726a65fbf31448e0ecbc710697a63", size = 206650, upload-time = "2026-04-12T21:44:47.601Z" },
    { url = "https://files.pythonhosted.org/packages/90/91/56c5d560f20e6c20e9e4f55bd0e458f7f162aa689ee350346c04c48eac0b/msgspec-0.21.1-cp314-cp314t-win_arm64.whl", hash = "sha256:0d2cc73df6058d811a126ac3a8ad63a4dfa210c82f9cf5a004802eaf4712de90", size = 183149, upload-time = "2026-04-12T21:44:48.833Z" },
]

[[package]]
name = "pyrefly"
version = "1.2.0"
source = { registry = "https://pypi.org/simple" }
sdist = { url = "https://files.pythonhosted.org/packages/89/01/a86e9f24722b095c3f88e3616132b75a21b0df53804bdc6a45314dd4d93c/pyrefly-1.2.0.tar.gz", hash = "sha256:5485f960fc2481617068c918335c39ab1507ef90b6b5bd35bf57726e60e73185", size = 6243654, upload-time = "2026-08-01T02:56:27.592Z" }
wheels = [
    { url = "https://files.pythonhosted.org/packages/7d/9d/3c0ef1d4843987b22f996ed381ec9cf5a3b1273e29804db276252e4c95eb/pyrefly-1.2.0-py3-none-macosx_10_12_x86_64.whl", hash = "sha256:7f46d983ac49ddd2b043694960a01dc6a19a5cfd8eec609d6bd9c42866f91b4e", size = 14026305, upload-time = "2026-08-01T02:56:02.611Z" },
    { url = "https://files.pythonhosted.org/packages/0a/06/03bbb78fbea54cdc65b626619f3597d5611aca4fdef11e72a4e8360e7e63/pyrefly-1.2.0-py3-none-macosx_11_0_arm64.whl", hash = "sha256:756f669b5555090f5c1a4fef30db1785fabe657764f7e4e6dc88994dfb8ca82d", size = 13463880, upload-time = "2026-08-01T02:56:04.93Z" },
    { url = "https://files.pythonhosted.org/packages/13/5a/7d8bc00a38e93bbc9c3e7bd14d305f7948717e667c9bcddeab9dd42fd255/pyrefly-1.2.0-py3-none-manylinux_2_17_aarch64.manylinux2014_aarch64.whl", hash = "sha256:e3465812ce5ef4781fb592edbf2724547296f0a3124be115d73c7e8b2401862d", size = 13907329, upload-time = "2026-08-01T02:56:07.104Z" },
    { url = "https://files.pythonhosted.org/packages/be/94/9e08b4bf799d0b8f36b55a2783c7ba5f51730cf0632a85a67b5b5ed876cd/pyrefly-1.2.0-py3-none-manylinux_2_17_i686.manylinux2014_i686.whl", hash = "sha256:5de7b2ad2bba5c8055181681a84b74143eac2234a48ba5d1b7ed7e7a722b02bd", size = 15039020, upload-time = "2026-08-01T02:56:09.208Z" },
    { url = "https://files.pythonhosted.org/packages/5b/bd/bca5fd0c80f4daf8ee6903a29df9f3de1feb05ff0946b8f35ec8c5096b13/pyrefly-1.2.0-py3-none-manylinux_2_17_ppc64le.manylinux2014_ppc64le.whl", hash = "sha256:25822ea9505f589ea8a725e4268b475132fb89e038fbf092e446510443ac142a", size = 14986199, upload-time = "2026-08-01T02:56:11.924Z" },
    { url = "https://files.pythonhosted.org/packages/97/f7/f07087f3d185ad2eced0c56cef89ca5474dfb4ff25f146cd50a861c97553/pyrefly-1.2.0-py3-none-manylinux_2_17_x86_64.manylinux2014_x86_64.whl", hash = "sha256:90efe75e17491ef5d636e10469e9278d7d0256b3b4c5e1f4750069bf3ae0f5d1", size = 14393715, upload-time = "2026-08-01T02:56:14.143Z" },
    { url = "https://files.pythonhosted.org/packages/d3/70/0d142c320e284b9e3ce35e9b1e58b8ce2ee1f578f2a7234bc30e5022b94f/pyrefly-1.2.0-py3-none-musllinux_1_2_aarch64.whl", hash = "sha256:368aaf7eee4f511ddc0f8e564cf14e01ab2f10b0db9105c6d5b153bf498d07bf", size = 13933008, upload-time = "2026-08-01T02:56:16.525Z" },
    { url = "https://files.pythonhosted.org/packages/5d/e8/e84f11b6e1f63fd453ad3654213b9a0f6f4de8cef6b58038eef2d0d5955d/pyrefly-1.2.0-py3-none-musllinux_1_2_x86_64.whl", hash = "sha256:d52d5da7bc65fb7675fbaa80eda879d4f8787c494f04cac21603330d3abbdbbe", size = 14431827, upload-time = "2026-08-01T02:56:18.645Z" },
    { url = "https://files.pythonhosted.org/packages/0f/06/810d31380f66c75e1c0779a408d3b16117b1b368b57894f6aa66bef21686/pyrefly-1.2.0-py3-none-win32.whl", hash = "sha256:8c90751de8506d938e8f802659c74cf35bd7a0036510ee6c634a38eebb280bfa", size = 13229447, upload-time = "2026-08-01T02:56:20.921Z" },
    { url = "https://files.pythonhosted.org/packages/ed/98/4dafa3c7a1caed2dc8cc708dde09ba27963c7736508f55b626fff3024113/pyrefly-1.2.0-py3-none-win_amd64.whl", hash = "sha256:8a8964c224ccc4882730130955815de21ff443c1ac3f0b90685b19bf63848170", size = 14087387, upload-time = "2026-08-01T02:56:23.188Z" },
    { url = "https://files.pythonhosted.org/packages/1b/1c/df3cb0a2e5591660ded7a1836cd2f29dc48c91adb1c0a3a700a96f6d09e1/pyrefly-1.2.0-py3-none-win_arm64.whl", hash = "sha256:3a90bb8df39dfbac74b1f3b2e9d7c526b8f80568884c3944d955023a73ebf61e", size = 13430873, upload-time = "2026-08-01T02:56:25.425Z" },
]

[[package]]
name = "pyyaml"
version = "6.0.3"
source = { registry = "https://pypi.org/simple" }
sdist = { url = "https://files.pythonhosted.org/packages/05/8e/961c0007c59b8dd7729d542c61a4d537767a59645b82a0b521206e1e25c2/pyyaml-6.0.3.tar.gz", hash = "sha256:d76623373421df22fb4cf8817020cbb7ef15c725b9d5e45f17e189bfc384190f", size = 130960, upload-time = "2025-09-25T21:33:16.546Z" }
wheels = [
    { url = "https://files.pythonhosted.org/packages/9d/8c/f4bd7f6465179953d3ac9bc44ac1a8a3e6122cf8ada906b4f96c60172d43/pyyaml-6.0.3-cp314-cp314-macosx_10_13_x86_64.whl", hash = "sha256:8d1fab6bb153a416f9aeb4b8763bc0f22a5586065f86f7664fc23339fc1c1fac", size = 181814, upload-time = "2025-09-25T21:32:35.712Z" },
    { url = "https://files.pythonhosted.org/packages/bd/9c/4d95bb87eb2063d20db7b60faa3840c1b18025517ae857371c4dd55a6b3a/pyyaml-6.0.3-cp314-cp314-macosx_11_0_arm64.whl", hash = "sha256:34d5fcd24b8445fadc33f9cf348c1047101756fd760b4dacb5c3e99755703310", size = 173809, upload-time = "2025-09-25T21:32:36.789Z" },
    { url = "https://files.pythonhosted.org/packages/92/b5/47e807c2623074914e29dabd16cbbdd4bf5e9b2db9f8090fa64411fc5382/pyyaml-6.0.3-cp314-cp314-manylinux2014_aarch64.manylinux_2_17_aarch64.manylinux_2_28_aarch64.whl", hash = "sha256:501a031947e3a9025ed4405a168e6ef5ae3126c59f90ce0cd6f2bfc477be31b7", size = 766454, upload-time = "2025-09-25T21:32:37.966Z" },
    { url = "https://files.pythonhosted.org/packages/02/9e/e5e9b168be58564121efb3de6859c452fccde0ab093d8438905899a3a483/pyyaml-6.0.3-cp314-cp314-manylinux2014_s390x.manylinux_2_17_s390x.manylinux_2_28_s390x.whl", hash = "sha256:b3bc83488de33889877a0f2543ade9f70c67d66d9ebb4ac959502e12de895788", size = 836355, upload-time = "2025-09-25T21:32:39.178Z" },
    { url = "https://files.pythonhosted.org/packages/88/f9/16491d7ed2a919954993e48aa941b200f38040928474c9e85ea9e64222c3/pyyaml-6.0.3-cp314-cp314-manylinux2014_x86_64.manylinux_2_17_x86_64.manylinux_2_28_x86_64.whl", hash = "sha256:c458b6d084f9b935061bc36216e8a69a7e293a2f1e68bf956dcd9e6cbcd143f5", size = 794175, upload-time = "2025-09-25T21:32:40.865Z" },
    { url = "https://files.pythonhosted.org/packages/dd/3f/5989debef34dc6397317802b527dbbafb2b4760878a53d4166579111411e/pyyaml-6.0.3-cp314-cp314-musllinux_1_2_aarch64.whl", hash = "sha256:7c6610def4f163542a622a73fb39f534f8c101d690126992300bf3207eab9764", size = 755228, upload-time = "2025-09-25T21:32:42.084Z" },
    { url = "https://files.pythonhosted.org/packages/d7/ce/af88a49043cd2e265be63d083fc75b27b6ed062f5f9fd6cdc223ad62f03e/pyyaml-6.0.3-cp314-cp314-musllinux_1_2_x86_64.whl", hash = "sha256:5190d403f121660ce8d1d2c1bb2ef1bd05b5f68533fc5c2ea899bd15f4399b35", size = 789194, upload-time = "2025-09-25T21:32:43.362Z" },
    { url = "https://files.pythonhosted.org/packages/23/20/bb6982b26a40bb43951265ba29d4c246ef0ff59c9fdcdf0ed04e0687de4d/pyyaml-6.0.3-cp314-cp314-win_amd64.whl", hash = "sha256:4a2e8cebe2ff6ab7d1050ecd59c25d4c8bd7e6f400f5f82b96557ac0abafd0ac", size = 156429, upload-time = "2025-09-25T21:32:57.844Z" },
    { url = "https://files.pythonhosted.org/packages/f4/f4/a4541072bb9422c8a883ab55255f918fa378ecf083f5b85e87fc2b4eda1b/pyyaml-6.0.3-cp314-cp314-win_arm64.whl", hash = "sha256:93dda82c9c22deb0a405ea4dc5f2d0cda384168e466364dec6255b293923b2f3", size = 143912, upload-time = "2025-09-25T21:32:59.247Z" },
    { url = "https://files.pythonhosted.org/packages/7c/f9/07dd09ae774e4616edf6cda684ee78f97777bdd15847253637a6f052a62f/pyyaml-6.0.3-cp314-cp314t-macosx_10_13_x86_64.whl", hash = "sha256:02893d100e99e03eda1c8fd5c441d8c60103fd175728e23e431db1b589cf5ab3", size = 189108, upload-time = "2025-09-25T21:32:44.377Z" },
    { url = "https://files.pythonhosted.org/packages/4e/78/8d08c9fb7ce09ad8c38ad533c1191cf27f7ae1effe5bb9400a46d9437fcf/pyyaml-6.0.3-cp314-cp314t-macosx_11_0_arm64.whl", hash = "sha256:c1ff362665ae507275af2853520967820d9124984e0f7466736aea23d8611fba", size = 183641, upload-time = "2025-09-25T21:32:45.407Z" },
    { url = "https://files.pythonhosted.org/packages/7b/5b/3babb19104a46945cf816d047db2788bcaf8c94527a805610b0289a01c6b/pyyaml-6.0.3-cp314-cp314t-manylinux2014_aarch64.manylinux_2_17_aarch64.manylinux_2_28_aarch64.whl", hash = "sha256:6adc77889b628398debc7b65c073bcb99c4a0237b248cacaf3fe8a557563ef6c", size = 831901, upload-time = "2025-09-25T21:32:48.83Z" },
    { url = "https://files.pythonhosted.org/packages/8b/cc/dff0684d8dc44da4d22a13f35f073d558c268780ce3c6ba1b87055bb0b87/pyyaml-6.0.3-cp314-cp314t-manylinux2014_s390x.manylinux_2_17_s390x.manylinux_2_28_s390x.whl", hash = "sha256:a80cb027f6b349846a3bf6d73b5e95e782175e52f22108cfa17876aaeff93702", size = 861132, upload-time = "2025-09-25T21:32:50.149Z" },
    { url = "https://files.pythonhosted.org/packages/b1/5e/f77dc6b9036943e285ba76b49e118d9ea929885becb0a29ba8a7c75e29fe/pyyaml-6.0.3-cp314-cp314t-manylinux2014_x86_64.manylinux_2_17_x86_64.manylinux_2_28_x86_64.whl", hash = "sha256:00c4bdeba853cc34e7dd471f16b4114f4162dc03e6b7afcc2128711f0eca823c", size = 839261, upload-time = "2025-09-25T21:32:51.808Z" },
    { url = "https://files.pythonhosted.org/packages/ce/88/a9db1376aa2a228197c58b37302f284b5617f56a5d959fd1763fb1675ce6/pyyaml-6.0.3-cp314-cp314t-musllinux_1_2_aarch64.whl", hash = "sha256:66e1674c3ef6f541c35191caae2d429b967b99e02040f5ba928632d9a7f0f065", size = 805272, upload-time = "2025-09-25T21:32:52.941Z" },
    { url = "https://files.pythonhosted.org/packages/da/92/1446574745d74df0c92e6aa4a7b0b3130706a4142b2d1a5869f2eaa423c6/pyyaml-6.0.3-cp314-cp314t-musllinux_1_2_x86_64.whl", hash = "sha256:16249ee61e95f858e83976573de0f5b2893b3677ba71c9dd36b9cf8be9ac6d65", size = 829923, upload-time = "2025-09-25T21:32:54.537Z" },
    { url = "https://files.pythonhosted.org/packages/f0/7a/1c7270340330e575b92f397352af856a8c06f230aa3e76f86b39d01b416a/pyyaml-6.0.3-cp314-cp314t-win_amd64.whl", hash = "sha256:4ad1906908f2f5ae4e5a8ddfce73c320c2a1429ec52eafd27138b7f1cbe341c9", size = 174062, upload-time = "2025-09-25T21:32:55.767Z" },
    { url = "https://files.pythonhosted.org/packages/f1/12/de94a39c2ef588c7e6455cfbe7343d3b2dc9d6b6b2f40c4c6565744c873d/pyyaml-6.0.3-cp314-cp314t-win_arm64.whl", hash = "sha256:ebc55a14a21cb14062aa4162f906cd962b28e2e9ea38f9b4391244cd8de4ae0b", size = 149341, upload-time = "2025-09-25T21:32:56.828Z" },
]

[[package]]
name = "ruff"
version = "0.16.3"
source = { registry = "https://pypi.org/simple" }
sdist = { url = "https://files.pythonhosted.org/packages/61/b3/3213589383f8f1b3938781bd1278713f6d18621a14992b3e81fefb8a5ef9/ruff-0.16.3.tar.gz", hash = "sha256:e76d33a347661a84b5be6d043d0347fdc745dfdcf825a8f4fed64b5e26eebdf2", size = 4891904, upload-time = "2026-08-13T15:17:13.381Z" }
wheels = [
    { url = "https://files.pythonhosted.org/packages/bf/96/493770daebd68c0a67f1549fdf519f53be51fc435186c0585bcc272fd76c/ruff-0.16.3-py3-none-linux_armv6l.whl", hash = "sha256:0c5710e247a58a4521e66e124ba9a74655b414f61ba3a2e9e3811e11098f48f7", size = 10902799, upload-time = "2026-08-13T15:16:27.382Z" },
    { url = "https://files.pythonhosted.org/packages/5e/e6/2becf3942fddc29a29b8df47691d456fb1085391a694f74d84513251418c/ruff-0.16.3-py3-none-macosx_10_12_x86_64.whl", hash = "sha256:fe155130631a2471fd2e14a7a664a4dfbd7194b8229c3d7b2a40b21178639081", size = 11135539, upload-time = "2026-08-13T15:16:30.87Z" },
    { url = "https://files.pythonhosted.org/packages/3e/1e/4b8b72f0d006dbf19326aa99f9ca0ee2ff374187c4d301cf529a51aa06fe/ruff-0.16.3-py3-none-macosx_11_0_arm64.whl", hash = "sha256:e2ed719e14aa64d895c2ee922594a90a43c861a93f0575a95ff8c47cdbd13eb9", size = 10475095, upload-time = "2026-08-13T15:16:33.259Z" },
    { url = "https://files.pythonhosted.org/packages/92/32/2201fa49ba1f6c101ee321e83f051ac7a4b8d07b0ef6b4d3f2772b302275/ruff-0.16.3-py3-none-manylinux_2_17_aarch64.manylinux2014_aarch64.whl", hash = "sha256:9e0b1da805eb043654645d74d5de1e5ce2edc686e40790d2b86f56d71cc06a84", size = 10668771, upload-time = "2026-08-13T15:16:35.65Z" },
    { url = "https://files.pythonhosted.org/packages/c3/66/4afc5c8363bd04d45effce1b7c8713ca037d7a6740b7451a2403a6e3a972/ruff-0.16.3-py3-none-manylinux_2_17_armv7l.manylinux2014_armv7l.whl", hash = "sha256:a37bdea0bbe21780f590bf437d6412c8c4e1b6cd010f91a65c2c40c5e5f5f870", size = 10699568, upload-time = "2026-08-13T15:16:38.195Z" },
    { url = "https://files.pythonhosted.org/packages/53/fd/c67d246bf36bf1698551c56de39e95cd07f70e64433e0098e6267d77061b/ruff-0.16.3-py3-none-manylinux_2_17_i686.manylinux2014_i686.whl", hash = "sha256:09571e6d1288ed9be475207a3ac04ada404f1cd898104be0f6ab8d7df438575b", size = 11499365, upload-time = "2026-08-13T15:16:40.623Z" },
    { url = "https://files.pythonhosted.org/packages/67/0b/00ecbceb99a263af7b12f6f05ac3c92bc47b905e91adc3f207a836e3bc01/ruff-0.16.3-py3-none-manylinux_2_17_ppc64le.manylinux2014_ppc64le.whl", hash = "sha256:2c18c5a101eb540010638cc1ff3c84944d3adb3df62b8d98ca8f22ba484d3413", size = 12311728, upload-time = "2026-08-13T15:16:43.564Z" },
    { url = "https://files.pythonhosted.org/packages/54/b2/b7b3bb54f4d3f7db504e476ad4ab8de530dceebe2c061384b2757ee419e8/ruff-0.16.3-py3-none-manylinux_2_17_s390x.manylinux2014_s390x.whl", hash = "sha256:8457c44f15033c85ddbb77b15d451df9e24e4bd03b628396dd3610cedc3b8f82", size = 11699896, upload-time = "2026-08-13T15:16:46.209Z" },
    { url = "https://files.pythonhosted.org/packages/c7/30/4c468429ac195addc5ee1b717b6ab1b66632786737ca3b2ed3443fb0c26a/ruff-0.16.3-py3-none-manylinux_2_17_x86_64.manylinux2014_x86_64.whl", hash = "sha256:294b95c4ae0cda9388525c2047778aa758d6b8d4bb876fd4e9eaa3ebc92343eb", size = 11058736, upload-time = "2026-08-13T15:16:48.823Z" },
    { url = "https://files.pythonhosted.org/packages/43/67/7a113cdaddf24b64d7f75b1242a99d04c82fcef4f6921fdbb832beaffb5f/ruff-0.16.3-py3-none-manylinux_2_31_riscv64.whl", hash = "sha256:3d0c7c40c87c2a820509c31ba007968da6e1306468c067b2d82fbfdbcd0e8474", size = 11586911, upload-time = "2026-08-13T15:16:51.913Z" },
    { url = "https://files.pythonhosted.org/packages/f1/c1/2e66f24c0f3ead25a5e660111778685e505e5da353c82802bf49f0cbe7b9/ruff-0.16.3-py3-none-musllinux_1_2_aarch64.whl", hash = "sha256:9f738c0fdfa8eed0b2ce7fb27ee7258208a92a68d7949e62aa15164bc7b389da", size = 10954265, upload-time = "2026-08-13T15:16:54.763Z" },
    { url = "https://files.pythonhosted.org/packages/c2/ba/4cee23bf52cba9a058d3726de623624daf50ef9638868edd86f4126157f6/ruff-0.16.3-py3-none-musllinux_1_2_armv7l.whl", hash = "sha256:fb785f0be25abe69d320415cd4f833b59e17ba7613d9ba6a958023b6bceb0a50", size = 10709886, upload-time = "2026-08-13T15:16:57.339Z" },
    { url = "https://files.pythonhosted.org/packages/82/df/7da7194fa5d9dc0a285f7e6fa5a4722e7c63faac0b45b614ded9314363a1/ruff-0.16.3-py3-none-musllinux_1_2_i686.whl", hash = "sha256:c5536e3acfbf9563085aa2be7b13c629c3077e902afc5b941ac44024dbb9f506", size = 11210392, upload-time = "2026-08-13T15:17:00.171Z" },
    { url = "https://files.pythonhosted.org/packages/35/85/7795f6e817af050e7517bf3e7aa9b061cce70ef33d280aad902c956c1ecf/ruff-0.16.3-py3-none-musllinux_1_2_x86_64.whl", hash = "sha256:a2d85c02f9b8e165d85e6779184d38c4132de12603dab59c51c28e22584f9e4d", size = 11626910, upload-time = "2026-08-13T15:17:03.299Z" },
    { url = "https://files.pythonhosted.org/packages/78/9b/475b927cf27a5cbbda3c7bafb69ed6ff77e1d7923d5d85f17c2749d7ae32/ruff-0.16.3-py3-none-win32.whl", hash = "sha256:388cdf2166642bd9b13d52b5932d3170f34f8abed7e8d9a855f1d84b83645a0a", size = 10931415, upload-time = "2026-08-13T15:17:05.726Z" },
    { url = "https://files.pythonhosted.org/packages/b2/99/e2a2bfc4fbf0a1e8a916bc9ebe6fe6c58cc34c28e0ffc6ce281d572d1c2e/ruff-0.16.3-py3-none-win_amd64.whl", hash = "sha256:e80a7d69ca2a6d1c4d352ec91458cdca6e56c83cdbcabd93e4abe1e53591d948", size = 11445993, upload-time = "2026-08-13T15:17:08.353Z" },
    { url = "https://files.pythonhosted.org/packages/69/3e/4132e539aed78c148854d4997a2685b0ed4dc4e87110b59ce528564e184e/ruff-0.16.3-py3-none-win_arm64.whl", hash = "sha256:b8ca152da82c1acc1fa8d5874b15951935f0eef46f10e6954c83859011b6178a", size = 11399302, upload-time = "2026-08-13T15:17:10.908Z" },
]

[[package]]
name = "sortedcontainers"
version = "2.4.0"
source = { registry = "https://pypi.org/simple" }
sdist = { url = "https://files.pythonhosted.org/packages/e8/c4/ba2f8066cceb6f23394729afe52f3bf7adec04bf9ed2c820b39e19299111/sortedcontainers-2.4.0.tar.gz", hash = "sha256:25caa5a06cc30b6b83d11423433f65d1f9d76c4c6a0c90e3379eaa43b9bfdb88", size = 30594, upload-time = "2021-05-16T22:03:42.897Z" }
wheels = [
    { url = "https://files.pythonhosted.org/packages/32/46/9cb0e58b2deb7f82b84065f37f3bffeb12413f947f9388e4cac22c4621ce/sortedcontainers-2.4.0-py2.py3-none-any.whl", hash = "sha256:a163dcaede0f1c021485e957a39245190e74249897e2ae4b2aa38595db237ee0", size = 29575, upload-time = "2021-05-16T22:03:41.177Z" },
]
